
Microsoft Visual Studio Solution File, Format Version 12.00
# Visual Studio 15
VisualStudioVersion = 15.0.28010.2003
MinimumVisualStudioVersion = 10.0.40219.1
Project("{8BC9CEB8-8B4A-11D0-8D11-00A0C91BC942}") = "Day1", "Day1\Day1.vcxproj", "{1E4532A1-E842-4794-975E-C7F5E86872FD}"
EndProject
Project("{8BC9CEB8-8B4A-11D0-8D11-00A0C91BC942}") = "Day2", "Day2\Day2.vcxproj", "{3D7F9C81-CB64-428C-BE7B-9506CC66B414}"
EndProject
Project("{8BC9CEB8-8B4A-11D0-8D11-00A0C91BC942}") = "Day3", "Day3\Day3.vcxproj", "{A8F95AB2-4AFD-4909-AF02-A96DBDDFA824}"
EndProject
Project("{8BC9CEB8-8B4A-11D0-8D11-00A0C91BC942}") = "Day4", "Day4\Day4.vcxproj", "{841AF7CB-1D28-448A-A8E2-7DC602D426FB}"
EndProject
Project("{8BC9CEB8-8B4A-11D0-8D11-00A0C91BC942}") = "Day5", "Day5\Day5.vcxproj", "{9E73C84A-2782-4F8C-9528-CD0519A17E72}"
EndProject
Project("{8BC9CEB8-8B4A-11D0-8D11-00A0C91BC942}") = "Day6", "Day6\Day6.vcxproj", "{4C5F37E7-F73C-4B39-8CFD-3252D4934812}"
EndProject
Project("{8BC9CEB8-8B4A-11D0-8D11-00A0C91BC942}") = "Day7", "Day7\Day7.vcxproj", "{1E7BC191-8C23-4623-A64A-883AC2D4203D}"
EndProject
Project("{8BC9CEB8-8B4A-11D0-8D11-00A0C91BC942}") = "Day8", "Day8\Day8.vcxproj", "{472176A1-C15F-4515-B7C3-FBA617989FC5}"
EndProject
Project("{8BC9CEB8-8B4A-11D0-8D11-00A0C91BC942}") = "Day9", "Day9\Day9.vcxproj", "{E2E133E7-64BE-4A12-BF00-7005B3E042DC}"
EndProject
Project("{8BC9CEB8-8B4A-11D0-8D11-00A0C91BC942}") = "Day10", "Day10\Day10.vcxproj", "{DD6E08F4-893E-4FAE-B55C-2A21FD188B2A}"
EndProject
Global
	GlobalSection(SolutionConfigurationPlatforms) = preSolution
		Debug|x64 = Debug|x64
		Debug|x86 = Debug|x86
		Release|x64 = Release|x64
		Release|x86 = Release|x86
	EndGlobalSection
	GlobalSection(ProjectConfigurationPlatforms) = postSolution
		{1E4532A1-E842-4794-975E-C7F5E86872FD}.Debug|x64.ActiveCfg = Debug|x64
		{1E4532A1-E842-4794-975E-C7F5E86872FD}.Debug|x64.Build.0 = Debug|x64
		{1E4532A1-E842-4794-975E-C7F5E86872FD}.Debug|x86.ActiveCfg = Debug|Win32
		{1E4532A1-E842-4794-975E-C7F5E86872FD}.Debug|x86.Build.0 = Debug|Win32
		{1E4532A1-E842-4794-975E-C7F5E86872FD}.Release|x64.ActiveCfg = Release|x64
		{1E4532A1-E842-4794-975E-C7F5E86872FD}.Release|x64.Build.0 = Release|x64
		{1E4532A1-E842-4794-975E-C7F5E86872FD}.Release|x86.ActiveCfg = Release|Win32
		{1E4532A1-E842-4794-975E-C7F5E86872FD}.Release|x86.Build.0 = Release|Win32
		{3D7F9C81-CB64-428C-BE7B-9506CC66B414}.Debug|x64.ActiveCfg = Debug|x64
		{3D7F9C81-CB64-428C-BE7B-9506CC66B414}.Debug|x64.Build.0 = Debug|x64
		{3D7F9C81-CB64-428C-BE7B-9506CC66B414}.Debug|x86.ActiveCfg = Debug|Win32
		{3D7F9C81-CB64-428C-BE7B-9506CC66B414}.Debug|x86.Build.0 = Debug|Win32
		{3D7F9C81-CB64-428C-BE7B-9506CC66B414}.Release|x64.ActiveCfg = Release|x64
		{3D7F9C81-CB64-428C-BE7B-9506CC66B414}.Release|x64.Build.0 = Release|x64
		{3D7F9C81-CB64-428C-BE7B-9506CC66B414}.Release|x86.ActiveCfg = Release|Win32
		{3D7F9C81-CB64-428C-BE7B-9506CC66B414}.Release|x86.Build.0 = Release|Win32
		{A8F95AB2-4AFD-4909-AF02-A96DBDDFA824}.Debug|x64.ActiveCfg = Debug|x64
		{A8F95AB2-4AFD-4909-AF02-A96DBDDFA824}.Debug|x64.Build.0 = Debug|x64
		{A8F95AB2-4AFD-4909-AF02-A96DBDDFA824}.Debug|x86.ActiveCfg = Debug|Win32
		{A8F95AB2-4AFD-4909-AF02-A96DBDDFA824}.Debug|x86.Build.0 = Debug|Win32
		{A8F95AB2-4AFD-4909-AF02-A96DBDDFA824}.Release|x64.ActiveCfg = Release|x64
		{A8F95AB2-4AFD-4909-AF02-A96DBDDFA824}.Release|x64.Build.0 = Release|x64
		{A8F95AB2-4AFD-4909-AF02-A96DBDDFA824}.Release|x86.ActiveCfg = Release|Win32
		{A8F95AB2-4AFD-4909-AF02-A96DBDDFA824}.Release|x86.Build.0 = Release|Win32
		{841AF7CB-1D28-448A-A8E2-7DC602D426FB}.Debug|x64.ActiveCfg = Debug|x64
		{841AF7CB-1D28-448A-A8E2-7DC602D426FB}.Debug|x64.Build.0 = Debug|x64
		{841AF7CB-1D28-448A-A8E2-7DC602D426FB}.Debug|x86.ActiveCfg = Debug|Win32
		{841AF7CB-1D28-448A-A8E2-7DC602D426FB}.Debug|x86.Build.0 = Debug|Win32
		{841AF7CB-1D28-448A-A8E2-7DC602D426FB}.Release|x64.ActiveCfg = Release|x64
		{841AF7CB-1D28-448A-A8E2-7DC602D426FB}.Release|x64.Build.0 = Release|x64
		{841AF7CB-1D28-448A-A8E2-7DC602D426FB}.Release|x86.ActiveCfg = Release|Win32
		{841AF7CB-1D28-448A-A8E2-7DC602D426FB}.Release|x86.Build.0 = Release|Win32
		{9E73C84A-2782-4F8C-9528-CD0519A17E72}.Debug|x64.ActiveCfg = Debug|x64
		{9E73C84A-2782-4F8C-9528-CD0519A17E72}.Debug|x64.Build.0 = Debug|x64
		{9E73C84A-2782-4F8C-9528-CD0519A17E72}.Debug|x86.ActiveCfg = Debug|Win32
		{9E73C84A-2782-4F8C-9528-CD0519A17E72}.Debug|x86.Build.0 = Debug|Win32
		{9E73C84A-2782-4F8C-9528-CD0519A17E72}.Release|x64.ActiveCfg = Release|x64
		{9E73C84A-2782-4F8C-9528-CD0519A17E72}.Release|x64.Build.0 = Release|x64
		{9E73C84A-2782-4F8C-9528-CD0519A17E72}.Release|x86.ActiveCfg = Release|Win32
		{9E73C84A-2782-4F8C-9528-CD0519A17E72}.Release|x86.Build.0 = Release|Win32
		{4C5F37E7-F73C-4B39-8CFD-3252D4934812}.Debug|x64.ActiveCfg = Debug|x64
		{4C5F37E7-F73C-4B39-8CFD-3252D4934812}.Debug|x64.Build.0 = Debug|x64
		{4C5F37E7-F73C-4B39-8CFD-3252D4934812}.Debug|x86.ActiveCfg = Debug|Win32
		{4C5F37E7-F73C-4B39-8CFD-3252D4934812}.Debug|x86.Build.0 = Debug|Win32
		{4C5F37E7-F73C-4B39-8CFD-3252D4934812}.Release|x64.ActiveCfg = Release|x64
		{4C5F37E7-F73C-4B39-8CFD-3252D4934812}.Release|x64.Build.0 = Release|x64
		{4C5F37E7-F73C-4B39-8CFD-3252D4934812}.Release|x86.ActiveCfg = Release|Win32
		{4C5F37E7-F73C-4B39-8CFD-3252D4934812}.Release|x86.Build.0 = Release|Win32
		{1E7BC191-8C23-4623-A64A-883AC2D4203D}.Debug|x64.ActiveCfg = Debug|x64
		{1E7BC191-8C23-4623-A64A-883AC2D4203D}.Debug|x64.Build.0 = Debug|x64
		{1E7BC191-8C23-4623-A64A-883AC2D4203D}.Debug|x86.ActiveCfg = Debug|Win32
		{1E7BC191-8C23-4623-A64A-883AC2D4203D}.Debug|x86.Build.0 = Debug|Win32
		{1E7BC191-8C23-4623-A64A-883AC2D4203D}.Release|x64.ActiveCfg = Release|x64
		{1E7BC191-8C23-4623-A64A-883AC2D4203D}.Release|x64.Build.0 = Release|x64
		{1E7BC191-8C23-4623-A64A-883AC2D4203D}.Release|x86.ActiveCfg = Release|Win32
		{1E7BC191-8C23-4623-A64A-883AC2D4203D}.Release|x86.Build.0 = Release|Win32
		{472176A1-C15F-4515-B7C3-FBA617989FC5}.Debug|x64.ActiveCfg = Debug|x64
		{472176A1-C15F-4515-B7C3-FBA617989FC5}.Debug|x64.Build.0 = Debug|x64
		{472176A1-C15F-4515-B7C3-FBA617989FC5}.Debug|x86.ActiveCfg = Debug|Win32
		{472176A1-C15F-4515-B7C3-FBA617989FC5}.Debug|x86.Build.0 = Debug|Win32
		{472176A1-C15F-4515-B7C3-FBA617989FC5}.Release|x64.ActiveCfg = Release|x64
		{472176A1-C15F-4515-B7C3-FBA617989FC5}.Release|x64.Build.0 = Release|x64
		{472176A1-C15F-4515-B7C3-FBA617989FC5}.Release|x86.ActiveCfg = Release|Win32
		{472176A1-C15F-4515-B7C3-FBA617989FC5}.Release|x86.Build.0 = Release|Win32
		{E2E133E7-64BE-4A12-BF00-7005B3E042DC}.Debug|x64.ActiveCfg = Debug|x64
		{E2E133E7-64BE-4A12-BF00-7005B3E042DC}.Debug|x64.Build.0 = Debug|x64
		{E2E133E7-64BE-4A12-BF00-7005B3E042DC}.Debug|x86.ActiveCfg = Debug|Win32
		{E2E133E7-64BE-4A12-BF00-7005B3E042DC}.Debug|x86.Build.0 = Debug|Win32
		{E2E133E7-64BE-4A12-BF00-7005B3E042DC}.Release|x64.ActiveCfg = Release|x64
		{E2E133E7-64BE-4A12-BF00-7005B3E042DC}.Release|x64.Build.0 = Release|x64
		{E2E133E7-64BE-4A12-BF00-7005B3E042DC}.Release|x86.ActiveCfg = Release|Win32
		{E2E133E7-64BE-4A12-BF00-7005B3E042DC}.Release|x86.Build.0 = Release|Win32
		{DD6E08F4-893E-4FAE-B55C-2A21FD188B2A}.Debug|x64.ActiveCfg = Debug|x64
		{DD6E08F4-893E-4FAE-B55C-2A21FD188B2A}.Debug|x64.Build.0 = Debug|x64
		{DD6E08F4-893E-4FAE-B55C-2A21FD188B2A}.Debug|x86.ActiveCfg = Debug|Win32
		{DD6E08F4-893E-4FAE-B55C-2A21FD188B2A}.Debug|x86.Build.0 = Debug|Win32
		{DD6E08F4-893E-4FAE-B55C-2A21FD188B2A}.Release|x64.ActiveCfg = Release|x64
		{DD6E08F4-893E-4FAE-B55C-2A21FD188B2A}.Release|x64.Build.0 = Release|x64
		{DD6E08F4-893E-4FAE-B55C-2A21FD188B2A}.Release|x86.ActiveCfg = Release|Win32
		{DD6E08F4-893E-4FAE-B55C-2A21FD188B2A}.Release|x86.Build.0 = Release|Win32
	EndGlobalSection
	GlobalSection(SolutionProperties) = preSolution
		HideSolutionNode = FALSE
	EndGlobalSection
	GlobalSection(ExtensibilityGlobals) = postSolution
		SolutionGuid = {2FEF5139-8CDB-4E86-A581-2ACFEE17B78C}
	EndGlobalSection
EndGlobal
